
Microsoft Visual Studio Solution File, Format Version 12.00
# Visual Studio Version 17
VisualStudioVersion = 17.3.32811.315
MinimumVisualStudioVersion = 10.0.40219.1
Project("{FAE04EC0-301F-11D3-BF4B-00C04F79EFBC}") = "Product.Backend.Api", "Product.Backend.Api\Product.Backend.Api.csproj", "{A67093C9-3CD2-4B9B-967C-9EEB10693CE5}"
EndProject
Project("{FAE04EC0-301F-11D3-BF4B-00C04F79EFBC}") = "Product.Backend.Domain", "Product.Backend.Domain\Product.Backend.Domain.csproj", "{58EDA98F-D64F-4787-9342-BEA3EEBABD60}"
EndProject
Project("{FAE04EC0-301F-11D3-BF4B-00C04F79EFBC}") = "Product.Backend.Infrastructure", "Product.Backend.Infrastructure\Product.Backend.Infrastructure.csproj", "{6E542EF9-9069-422A-972E-C622D20AC2F3}"
EndProject
Project("{FAE04EC0-301F-11D3-BF4B-00C04F79EFBC}") = "Product.Backend.Application", "Product.Backend.Application\Product.Backend.Application.csproj", "{149D9DDE-FD21-4F10-B857-E64E762A1279}"
EndProject
Global
	GlobalSection(SolutionConfigurationPlatforms) = preSolution
		Debug|Any CPU = Debug|Any CPU
		Release|Any CPU = Release|Any CPU
	EndGlobalSection
	GlobalSection(ProjectConfigurationPlatforms) = postSolution
		{A67093C9-3CD2-4B9B-967C-9EEB10693CE5}.Debug|Any CPU.ActiveCfg = Debug|Any CPU
		{A67093C9-3CD2-4B9B-967C-9EEB10693CE5}.Debug|Any CPU.Build.0 = Debug|Any CPU
		{A67093C9-3CD2-4B9B-967C-9EEB10693CE5}.Release|Any CPU.ActiveCfg = Release|Any CPU
		{A67093C9-3CD2-4B9B-967C-9EEB10693CE5}.Release|Any CPU.Build.0 = Release|Any CPU
		{58EDA98F-D64F-4787-9342-BEA3EEBABD60}.Debug|Any CPU.ActiveCfg = Debug|Any CPU
		{58EDA98F-D64F-4787-9342-BEA3EEBABD60}.Debug|Any CPU.Build.0 = Debug|Any CPU
		{58EDA98F-D64F-4787-9342-BEA3EEBABD60}.Release|Any CPU.ActiveCfg = Release|Any CPU
		{58EDA98F-D64F-4787-9342-BEA3EEBABD60}.Release|Any CPU.Build.0 = Release|Any CPU
		{6E542EF9-9069-422A-972E-C622D20AC2F3}.Debug|Any CPU.ActiveCfg = Debug|Any CPU
		{6E542EF9-9069-422A-972E-C622D20AC2F3}.Debug|Any CPU.Build.0 = Debug|Any CPU
		{6E542EF9-9069-422A-972E-C622D20AC2F3}.Release|Any CPU.ActiveCfg = Release|Any CPU
		{6E542EF9-9069-422A-972E-C622D20AC2F3}.Release|Any CPU.Build.0 = Release|Any CPU
		{149D9DDE-FD21-4F10-B857-E64E762A1279}.Debug|Any CPU.ActiveCfg = Debug|Any CPU
		{149D9DDE-FD21-4F10-B857-E64E762A1279}.Debug|Any CPU.Build.0 = Debug|Any CPU
		{149D9DDE-FD21-4F10-B857-E64E762A1279}.Release|Any CPU.ActiveCfg = Release|Any CPU
		{149D9DDE-FD21-4F10-B857-E64E762A1279}.Release|Any CPU.Build.0 = Release|Any CPU
	EndGlobalSection
	GlobalSection(SolutionProperties) = preSolution
		HideSolutionNode = FALSE
	EndGlobalSection
	GlobalSection(ExtensibilityGlobals) = postSolution
		SolutionGuid = {28494DFE-592A-4D3B-9F36-F12B460D3BAB}
	EndGlobalSection
EndGlobal
